
Microsoft Visual Studio Solution File, Format Version 11.00
# Visual Studio 2010
Project("{FAE04EC0-301F-11D3-BF4B-00C04F79EFBC}") = "PanicRoom", "Assembly-CSharp.csproj", "{FEDDBE7B-D72E-A9FC-BE0E-6C0DEC8ADAC4}"
EndProject
Project("{FAE04EC0-301F-11D3-BF4B-00C04F79EFBC}") = "PanicRoom", "Assembly-CSharp-Editor.csproj", "{B43DCB9B-1254-9CC5-C77D-BCB555637560}"
EndProject
Global
	GlobalSection(SolutionConfigurationPlatforms) = preSolution
		Debug|Any CPU = Debug|Any CPU
		Release|Any CPU = Release|Any CPU
	EndGlobalSection
	GlobalSection(ProjectConfigurationPlatforms) = postSolution
		{FEDDBE7B-D72E-A9FC-BE0E-6C0DEC8ADAC4}.Debug|Any CPU.ActiveCfg = Debug|Any CPU
		{FEDDBE7B-D72E-A9FC-BE0E-6C0DEC8ADAC4}.Debug|Any CPU.Build.0 = Debug|Any CPU
		{FEDDBE7B-D72E-A9FC-BE0E-6C0DEC8ADAC4}.Release|Any CPU.ActiveCfg = Release|Any CPU
		{FEDDBE7B-D72E-A9FC-BE0E-6C0DEC8ADAC4}.Release|Any CPU.Build.0 = Release|Any CPU
		{B43DCB9B-1254-9CC5-C77D-BCB555637560}.Debug|Any CPU.ActiveCfg = Debug|Any CPU
		{B43DCB9B-1254-9CC5-C77D-BCB555637560}.Debug|Any CPU.Build.0 = Debug|Any CPU
		{B43DCB9B-1254-9CC5-C77D-BCB555637560}.Release|Any CPU.ActiveCfg = Release|Any CPU
		{B43DCB9B-1254-9CC5-C77D-BCB555637560}.Release|Any CPU.Build.0 = Release|Any CPU
	EndGlobalSection
	GlobalSection(SolutionProperties) = preSolution
		HideSolutionNode = FALSE
	EndGlobalSection
	GlobalSection(MonoDevelopProperties) = preSolution
		StartupItem = Assembly-CSharp.csproj
	EndGlobalSection
EndGlobal
